
Microsoft Visual Studio Solution File, Format Version 12.00
# Visual Studio Version 16
VisualStudioVersion = 16.0.30907.101
MinimumVisualStudioVersion = 10.0.40219.1
Project("{9A19103F-16F7-4668-BE54-9A1E7A4F7556}") = "SampleProject", "SampleProject\SampleProject.csproj", "{CA4CFBB6-A7F0-478D-B51C-5C673A10844E}"
EndProject
Project("{9A19103F-16F7-4668-BE54-9A1E7A4F7556}") = "SampleProject.Analyzer", "SampleProject.Analyzers\SampleProject.Analyzers.csproj", "{59965B9F-B71D-428D-BBD4-E227142E859E}"
EndProject
Project("{9A19103F-16F7-4668-BE54-9A1E7A4F7556}") = "SampleProject.Analyzers.Tests", "SampleProject.Analyzers.Tests\SampleProject.Analyzers.Tests.csproj", "{767052CC-C35B-41E7-8701-176E30FF04D4}"
EndProject
Global
	GlobalSection(SolutionConfigurationPlatforms) = preSolution
		Debug|Any CPU = Debug|Any CPU
		Release|Any CPU = Release|Any CPU
	EndGlobalSection
	GlobalSection(ProjectConfigurationPlatforms) = postSolution
		{CA4CFBB6-A7F0-478D-B51C-5C673A10844E}.Debug|Any CPU.ActiveCfg = Debug|Any CPU
		{CA4CFBB6-A7F0-478D-B51C-5C673A10844E}.Debug|Any CPU.Build.0 = Debug|Any CPU
		{CA4CFBB6-A7F0-478D-B51C-5C673A10844E}.Release|Any CPU.ActiveCfg = Release|Any CPU
		{CA4CFBB6-A7F0-478D-B51C-5C673A10844E}.Release|Any CPU.Build.0 = Release|Any CPU
		{59965B9F-B71D-428D-BBD4-E227142E859E}.Debug|Any CPU.ActiveCfg = Debug|Any CPU
		{59965B9F-B71D-428D-BBD4-E227142E859E}.Debug|Any CPU.Build.0 = Debug|Any CPU
		{59965B9F-B71D-428D-BBD4-E227142E859E}.Release|Any CPU.ActiveCfg = Release|Any CPU
		{59965B9F-B71D-428D-BBD4-E227142E859E}.Release|Any CPU.Build.0 = Release|Any CPU
		{767052CC-C35B-41E7-8701-176E30FF04D4}.Debug|Any CPU.ActiveCfg = Debug|Any CPU
		{767052CC-C35B-41E7-8701-176E30FF04D4}.Debug|Any CPU.Build.0 = Debug|Any CPU
		{767052CC-C35B-41E7-8701-176E30FF04D4}.Release|Any CPU.ActiveCfg = Release|Any CPU
		{767052CC-C35B-41E7-8701-176E30FF04D4}.Release|Any CPU.Build.0 = Release|Any CPU
	EndGlobalSection
	GlobalSection(SolutionProperties) = preSolution
		HideSolutionNode = FALSE
	EndGlobalSection
	GlobalSection(ExtensibilityGlobals) = postSolution
		SolutionGuid = {FEA21534-3C69-4767-BEF2-0CB25FA8EE58}
	EndGlobalSection
EndGlobal
